# Generated by scripts/appfw lock --write.
# Records the framework provenance used by this application checkout.
version = 1
framework_version = "0.1.0"
framework_git_sha = "1d97819b1d400951178ed9d327c5b199496ccee1"
framework_git_branch = "main"
generator_package_version = "0.1.0"
config_contract_hash = "sha256:80751cb199035fb797bcfb77cf7c3f1d01f1e232a8f268809e442765fe7ce08f"
config_contract_source_hash = "sha256:0a130cc2772371fc00d485e9653d2f4b170e03fcf2f5c47608c46f8a9ab1efd6"
template_set_hash = "sha256:fd2703535667eadd89a6fd501f571ab0e0eac8ddd34efb490708829efecff640"
golden_downstream_template_hash = "sha256:22afa38fa6fe0ad1a3c25fec0d74c63e5e5c4a9859eaa20e1a9a20d85bfe48c3"
workflow_cli_hash = "sha256:0f1028c6ffa0d1d023e5cb483d9223d00e95d007f5199e528232f441ff56f617"
provider_capability_hash = "sha256:1e7c7df3965e199e125d74eb7a7e83db58a80d790d507569b2a5e841fe48fcd0"
artifact_manifest_hash = "sha256:14d83951b8886eac89b8c314f36d23c8f23f365fdde41ebb3022ac0f2b514fb1"
generated_ownership_doc_hash = "sha256:857c248845a0457c5645c07f9f0346b633b3eafe4de84eeb3ca333c6f6b5959d"
last_generated_at = "2026-05-24T21:15:20.106688+00:00"
