# Generated by scripts/appfw product lock --write.
# Records the framework provenance used by this application checkout.
version = 2
framework_version = "0.1.1"
framework_git_sha = "unknown"
framework_git_branch = "unknown"
generator_package_version = "0.1.1"
config_contract_hash = "sha256:f08ce15a38c47b75d5a130ea43a82652dcf6e74490a66c97ca4525ce439b0668"
config_contract_source_hash = "sha256:03f4d5ded79fc179a56ba777e1ba190b9a3b4f7664b62c071b48f3eb1ffc0600"
template_set_hash = "sha256:7dda22ce4bfefe0c612cad7f11a73432820b0e464e556bfb652270c075a6b82b"
golden_downstream_template_hash = "sha256:0b0f888d8a7d6955b68d1d422b0d44dc7d679b1497b5ded1ab00e3a7bd2c2b25"
workflow_cli_hash = "sha256:9abddbe7a3afb171fb5c85b368c1b22ec07666cc4c5f6a52a28d0ab752459034"
provider_capability_hash = "sha256:966046f04baf15a961f900a66b4d06fb4a5c885b347cf622c9c80e6ff0f8d229"
artifact_manifest_identity_schema = "appfw.artifact_manifest_identity@2"
artifact_manifest_hash = "sha256:3aafc4dc03f19599370fc384ae24b1ab9089f13949d561007033086a1938da34"
generated_ownership_doc_hash = "sha256:d7a7a24b6d91b77ee9ec32e45e4c1973d85779f70f65623aa3616e5eb4b5c502"
last_generated_at = "2026-09-28T15:06:02.107481586+00:00"
